
Microsoft Visual Studio Solution File, Format Version 12.00
# Visual Studio Version 16
VisualStudioVersion = 16.0.30711.63
MinimumVisualStudioVersion = 10.0.40219.1
Project("{FAE04EC0-301F-11D3-BF4B-00C04F79EFBC}") = "ReflectionDemo", "ReflectionDemo\ReflectionDemo.csproj", "{7DD7CE89-57D7-4649-A003-5E3B3B866C26}"
EndProject
Global
	GlobalSection(SolutionConfigurationPlatforms) = preSolution
		Debug|Any CPU = Debug|Any CPU
		Release|Any CPU = Release|Any CPU
	EndGlobalSection
	GlobalSection(ProjectConfigurationPlatforms) = postSolution
		{7DD7CE89-57D7-4649-A003-5E3B3B866C26}.Debug|Any CPU.ActiveCfg = Debug|Any CPU
		{7DD7CE89-57D7-4649-A003-5E3B3B866C26}.Debug|Any CPU.Build.0 = Debug|Any CPU
		{7DD7CE89-57D7-4649-A003-5E3B3B866C26}.Release|Any CPU.ActiveCfg = Release|Any CPU
		{7DD7CE89-57D7-4649-A003-5E3B3B866C26}.Release|Any CPU.Build.0 = Release|Any CPU
	EndGlobalSection
	GlobalSection(SolutionProperties) = preSolution
		HideSolutionNode = FALSE
	EndGlobalSection
	GlobalSection(ExtensibilityGlobals) = postSolution
		SolutionGuid = {2897B76C-6C56-4453-BE70-8A38F24082A8}
	EndGlobalSection
EndGlobal
